speakeasyVersion: 1.544.0
sources:
    Opal API:
        sourceNamespace: opal-api
        sourceRevisionDigest: sha256:b17ee5a753d2c259f2fed427ef53b01f2ccb6dbabb187396253c9096fedd2490
        sourceBlobDigest: sha256:39ca996d5b87010e74a28d2327517a51770220f27a30b359b96bbded56cf8459
        tags:
            - latest
            - "1.0"
targets:
    opal-mcp:
        source: Opal API
        sourceNamespace: opal-api
        sourceRevisionDigest: sha256:b17ee5a753d2c259f2fed427ef53b01f2ccb6dbabb187396253c9096fedd2490
        sourceBlobDigest: sha256:39ca996d5b87010e74a28d2327517a51770220f27a30b359b96bbded56cf8459
        codeSamplesNamespace: opal-api-typescript-code-samples
        codeSamplesRevisionDigest: sha256:cd66663ebde95f27b20b55a749fc65e72e835d5a0af67782144a82e67557b4a0
workflow:
    workflowVersion: 1.0.0
    speakeasyVersion: latest
    sources:
        Opal API:
            inputs:
                - location: https://dev.opal.dev/openapi.yaml
            overlays:
                - location: mcp-scopes-and-endpoints-overlay.yaml
                - location: mcp-field-visibility-overlay.yaml
                - location: mcp-documentation-overlay.yaml
            registry:
                location: registry.speakeasyapi.dev/opal/opal/opal-api
    targets:
        opal-mcp:
            target: typescript
            source: Opal API
            publish:
                npm:
                    token: $npm_token
            codeSamples:
                registry:
                    location: registry.speakeasyapi.dev/opal/opal/opal-api-typescript-code-samples
                labelOverride:
                    fixedValue: Typescript (SDK)
                blocking: false
