speakeasyVersion: 1.592.1
sources:
    Opal API:
        sourceNamespace: opal-api
        sourceRevisionDigest: sha256:4a4bd5ee1457eec63bff5d655817c4b617e109ead6e9f1132644d856d9ff2209
        sourceBlobDigest: sha256:353c5629289a76065ee83e77014e064454e57c4eb73955c10c6b018b9da09623
        tags:
            - latest
            - "1.0"
targets:
    opal-mcp:
        source: Opal API
        sourceNamespace: opal-api
        sourceRevisionDigest: sha256:4a4bd5ee1457eec63bff5d655817c4b617e109ead6e9f1132644d856d9ff2209
        sourceBlobDigest: sha256:353c5629289a76065ee83e77014e064454e57c4eb73955c10c6b018b9da09623
        codeSamplesNamespace: opal-api-typescript-code-samples
        codeSamplesRevisionDigest: sha256:744f37e853a8eda4f41141b669cc712de2583e769c3ab8d2dae7ab10f54b390f
workflow:
    workflowVersion: 1.0.0
    speakeasyVersion: latest
    sources:
        Opal API:
            inputs:
                - location: https://app.opal.dev/openapi.yaml
            overlays:
                - location: mcp-scopes-and-endpoints-overlay.yaml
                - location: mcp-field-visibility-overlay.yaml
                - location: mcp-documentation-overlay.yaml
            output: openapi.yaml
            registry:
                location: registry.speakeasyapi.dev/opal/opal/opal-api
    targets:
        opal-mcp:
            target: typescript
            source: Opal API
            publish:
                npm:
                    token: $npm_token
            codeSamples:
                registry:
                    location: registry.speakeasyapi.dev/opal/opal/opal-api-typescript-code-samples
                labelOverride:
                    fixedValue: Typescript (SDK)
                blocking: false
