speakeasyVersion: 1.543.8
sources:
    Opal API:
        sourceNamespace: opal-api
        sourceRevisionDigest: sha256:92dc2fcc92e95c16e50deae2555bc9135fcd4859f00c685a85074a9ef27bf97b
        sourceBlobDigest: sha256:0c1156931a0517628b221fde9905b9771a4738dbfdf5c8a9152a5fec80013e26
        tags:
            - latest
            - "1.0"
targets:
    opal-mcp:
        source: Opal API
        sourceNamespace: opal-api
        sourceRevisionDigest: sha256:92dc2fcc92e95c16e50deae2555bc9135fcd4859f00c685a85074a9ef27bf97b
        sourceBlobDigest: sha256:0c1156931a0517628b221fde9905b9771a4738dbfdf5c8a9152a5fec80013e26
        codeSamplesNamespace: opal-api-typescript-code-samples
        codeSamplesRevisionDigest: sha256:71ab6a8fd0bc58426920bf4bb70a4767b655b06cde647ec0060f29f4a3aa5c06
workflow:
    workflowVersion: 1.0.0
    speakeasyVersion: latest
    sources:
        Opal API:
            inputs:
                - location: https://app.opal.dev/openapi.yaml
            registry:
                location: registry.speakeasyapi.dev/opal/opal/opal-api
    targets:
        opal-mcp:
            target: typescript
            source: Opal API
            codeSamples:
                registry:
                    location: registry.speakeasyapi.dev/opal/opal/opal-api-typescript-code-samples
                labelOverride:
                    fixedValue: Typescript (SDK)
                blocking: false
